github.com/HouzuoGuo/tiedot v0.0.0-20200330175510-6fb216206052 h1:JEzTqzN0IU5IePlaj/FbedlgANL92UCCMjEY8WkFyGA=
github.com/HouzuoGuo/tiedot v0.0.0-20200330175510-6fb216206052/go.mod h1:J2FcoVwTshOscfh8D4LCCVRoHJJQTeCAEkeRSVGnLQs=
github.com/enricod/golibraw v0.0.0-20200417064610-a337c5bc14cb h1:CMu7BmalMJTb+NCJ0bvJpNzXicpzaF7MRNf/fbXx3EY=
github.com/enricod/golibraw v0.0.0-20200417064610-a337c5bc14cb/go.mod h1:y0lfeVhkfPVqb2yk40uOSjZKMCu1lHWpef1zg100wvE=
github.com/gotk3/gotk3 v0.4.0 h1:TIuhyQitGeRTxOQIV3AJlYtEWWJpC74JHwAIsxlH8MU=
github.com/gotk3/gotk3 v0.4.0/go.mod h1:Eew3QBwAOBTrfFFDmsDE5wZWbcagBL1NUslj1GhRveo=
github.com/lmittmann/ppm v1.0.0 h1:SkPpWz2PT8Cjh/GifHW+4IzLu331S9MHg6CWg0+Vpe4=
github.com/lmittmann/ppm v1.0.0/go.mod h1:GObNM/dbtplb87+9xClwI9bZ+AOPMg0Ujf4k3iLo23E=
github.com/nfnt/resize v0.0.0-20180221191011-83c6a9932646 h1:zYyBkD/k9seD2A7fsi6Oo2LfFZAehjjQMERAvZLEDnQ=
github.com/nfnt/resize v0.0.0-20180221191011-83c6a9932646/go.mod h1:jpp1/29i3P1S/RLdc7JQKbRpFeM1dOBd8T9ki5s+AY8=
github.com/xiam/exif v0.0.0-20160817012543-33e82e3db72f h1:VMPU5ikFe1dl3jZO8MtLOsDqzoNakfkIICAYPLbheYI=
github.com/xiam/exif v0.0.0-20160817012543-33e82e3db72f/go.mod h1:TNQaD0DKTvoO9qWZ69kF4No3D3Fkd514B6uiVS6JeIY=
